
Microsoft Visual Studio Solution File, Format Version 12.00
# Visual Studio Version 16
VisualStudioVersion = 16.0.30225.117
MinimumVisualStudioVersion = 10.0.40219.1
Project("{9A19103F-16F7-4668-BE54-9A1E7A4F7556}") = "AzureCli", "AzureCli\AzureCli.csproj", "{7A9E969F-39DE-4CFB-8479-47798B01DEB4}"
EndProject
Project("{FAE04EC0-301F-11D3-BF4B-00C04F79EFBC}") = "deployment", "deployment\deployment.csproj", "{91939006-9CDB-438C-AAFA-7F7AE6197612}"
EndProject
Project("{2150E333-8FDC-42A3-9474-1A3956D46DE8}") = "Solution Items", "Solution Items", "{D75F28BF-C90F-491F-B721-8B7BD86D78EB}"
	ProjectSection(SolutionItems) = preProject
		GitVersion.yml = GitVersion.yml
		README.md = README.md
	EndProjectSection
EndProject
Global
	GlobalSection(SolutionConfigurationPlatforms) = preSolution
		Debug|Any CPU = Debug|Any CPU
		Release|Any CPU = Release|Any CPU
	EndGlobalSection
	GlobalSection(ProjectConfigurationPlatforms) = postSolution
		{7A9E969F-39DE-4CFB-8479-47798B01DEB4}.Debug|Any CPU.ActiveCfg = Debug|Any CPU
		{7A9E969F-39DE-4CFB-8479-47798B01DEB4}.Debug|Any CPU.Build.0 = Debug|Any CPU
		{7A9E969F-39DE-4CFB-8479-47798B01DEB4}.Release|Any CPU.ActiveCfg = Release|Any CPU
		{7A9E969F-39DE-4CFB-8479-47798B01DEB4}.Release|Any CPU.Build.0 = Release|Any CPU
		{91939006-9CDB-438C-AAFA-7F7AE6197612}.Debug|Any CPU.ActiveCfg = Debug|Any CPU
		{91939006-9CDB-438C-AAFA-7F7AE6197612}.Release|Any CPU.ActiveCfg = Release|Any CPU
	EndGlobalSection
	GlobalSection(SolutionProperties) = preSolution
		HideSolutionNode = FALSE
	EndGlobalSection
	GlobalSection(ExtensibilityGlobals) = postSolution
		SolutionGuid = {565DD178-B937-4984-97BF-300AB45C6485}
	EndGlobalSection
EndGlobal
